
Microsoft Visual Studio Solution File, Format Version 12.00
# Visual Studio Version 17
VisualStudioVersion = 17.5.33530.505
MinimumVisualStudioVersion = 10.0.40219.1
Project("{FAE04EC0-301F-11D3-BF4B-00C04F79EFBC}") = "OnBreak", "OnBreak\OnBreak.csproj", "{83AF44C7-95B1-465D-9E7F-B4D8998868BF}"
EndProject
Global
	GlobalSection(SolutionConfigurationPlatforms) = preSolution
		Debug|Any CPU = Debug|Any CPU
		Release|Any CPU = Release|Any CPU
	EndGlobalSection
	GlobalSection(ProjectConfigurationPlatforms) = postSolution
		{83AF44C7-95B1-465D-9E7F-B4D8998868BF}.Debug|Any CPU.ActiveCfg = Debug|Any CPU
		{83AF44C7-95B1-465D-9E7F-B4D8998868BF}.Debug|Any CPU.Build.0 = Debug|Any CPU
		{83AF44C7-95B1-465D-9E7F-B4D8998868BF}.Release|Any CPU.ActiveCfg = Release|Any CPU
		{83AF44C7-95B1-465D-9E7F-B4D8998868BF}.Release|Any CPU.Build.0 = Release|Any CPU
	EndGlobalSection
	GlobalSection(SolutionProperties) = preSolution
		HideSolutionNode = FALSE
	EndGlobalSection
	GlobalSection(ExtensibilityGlobals) = postSolution
		SolutionGuid = {6005A6A1-34A2-49AD-A440-951C8FF4C155}
	EndGlobalSection
EndGlobal
